
Microsoft Visual Studio Solution File, Format Version 12.00
# Visual Studio Version 16
VisualStudioVersion = 16.0.808.0
MinimumVisualStudioVersion = 10.0.40219.1
Project("{FAE04EC0-301F-11D3-BF4B-00C04F79EFBC}") = "XFValueConverters.Android", "XFValueConverters.Android\XFValueConverters.Android.csproj", "{E1149098-AE6D-4C68-B12F-5B8140CC7D5A}"
EndProject
Project("{FAE04EC0-301F-11D3-BF4B-00C04F79EFBC}") = "XFValueConverters.iOS", "XFValueConverters.iOS\XFValueConverters.iOS.csproj", "{EAC9717E-F654-444B-B9A1-9E89E08220EE}"
EndProject
Project("{FAE04EC0-301F-11D3-BF4B-00C04F79EFBC}") = "XFValueConverters", "XFValueConverters\XFValueConverters.csproj", "{0F881173-166C-49A7-97DA-4C4EEB0A4201}"
EndProject
Global
	GlobalSection(SolutionConfigurationPlatforms) = preSolution
		Debug|Any CPU = Debug|Any CPU
		Release|Any CPU = Release|Any CPU
		Debug|iPhoneSimulator = Debug|iPhoneSimulator
		Release|iPhoneSimulator = Release|iPhoneSimulator
		Debug|iPhone = Debug|iPhone
		Release|iPhone = Release|iPhone
	EndGlobalSection
	GlobalSection(ProjectConfigurationPlatforms) = postSolution
		{E1149098-AE6D-4C68-B12F-5B8140CC7D5A}.Debug|Any CPU.ActiveCfg = Debug|Any CPU
		{E1149098-AE6D-4C68-B12F-5B8140CC7D5A}.Debug|Any CPU.Build.0 = Debug|Any CPU
		{E1149098-AE6D-4C68-B12F-5B8140CC7D5A}.Release|Any CPU.ActiveCfg = Release|Any CPU
		{E1149098-AE6D-4C68-B12F-5B8140CC7D5A}.Release|Any CPU.Build.0 = Release|Any CPU
		{E1149098-AE6D-4C68-B12F-5B8140CC7D5A}.Debug|iPhoneSimulator.ActiveCfg = Debug|Any CPU
		{E1149098-AE6D-4C68-B12F-5B8140CC7D5A}.Debug|iPhoneSimulator.Build.0 = Debug|Any CPU
		{E1149098-AE6D-4C68-B12F-5B8140CC7D5A}.Release|iPhoneSimulator.ActiveCfg = Release|Any CPU
		{E1149098-AE6D-4C68-B12F-5B8140CC7D5A}.Release|iPhoneSimulator.Build.0 = Release|Any CPU
		{E1149098-AE6D-4C68-B12F-5B8140CC7D5A}.Debug|iPhone.ActiveCfg = Debug|Any CPU
		{E1149098-AE6D-4C68-B12F-5B8140CC7D5A}.Debug|iPhone.Build.0 = Debug|Any CPU
		{E1149098-AE6D-4C68-B12F-5B8140CC7D5A}.Release|iPhone.ActiveCfg = Release|Any CPU
		{E1149098-AE6D-4C68-B12F-5B8140CC7D5A}.Release|iPhone.Build.0 = Release|Any CPU
		{EAC9717E-F654-444B-B9A1-9E89E08220EE}.Debug|Any CPU.ActiveCfg = Debug|iPhoneSimulator
		{EAC9717E-F654-444B-B9A1-9E89E08220EE}.Debug|Any CPU.Build.0 = Debug|iPhoneSimulator
		{EAC9717E-F654-444B-B9A1-9E89E08220EE}.Release|Any CPU.ActiveCfg = Release|iPhoneSimulator
		{EAC9717E-F654-444B-B9A1-9E89E08220EE}.Release|Any CPU.Build.0 = Release|iPhoneSimulator
		{EAC9717E-F654-444B-B9A1-9E89E08220EE}.Debug|iPhoneSimulator.ActiveCfg = Debug|iPhoneSimulator
		{EAC9717E-F654-444B-B9A1-9E89E08220EE}.Debug|iPhoneSimulator.Build.0 = Debug|iPhoneSimulator
		{EAC9717E-F654-444B-B9A1-9E89E08220EE}.Release|iPhoneSimulator.ActiveCfg = Release|iPhoneSimulator
		{EAC9717E-F654-444B-B9A1-9E89E08220EE}.Release|iPhoneSimulator.Build.0 = Release|iPhoneSimulator
		{EAC9717E-F654-444B-B9A1-9E89E08220EE}.Debug|iPhone.ActiveCfg = Debug|iPhone
		{EAC9717E-F654-444B-B9A1-9E89E08220EE}.Debug|iPhone.Build.0 = Debug|iPhone
		{EAC9717E-F654-444B-B9A1-9E89E08220EE}.Release|iPhone.ActiveCfg = Release|iPhone
		{EAC9717E-F654-444B-B9A1-9E89E08220EE}.Release|iPhone.Build.0 = Release|iPhone
		{0F881173-166C-49A7-97DA-4C4EEB0A4201}.Debug|Any CPU.ActiveCfg = Debug|Any CPU
		{0F881173-166C-49A7-97DA-4C4EEB0A4201}.Debug|Any CPU.Build.0 = Debug|Any CPU
		{0F881173-166C-49A7-97DA-4C4EEB0A4201}.Release|Any CPU.ActiveCfg = Release|Any CPU
		{0F881173-166C-49A7-97DA-4C4EEB0A4201}.Release|Any CPU.Build.0 = Release|Any CPU
		{0F881173-166C-49A7-97DA-4C4EEB0A4201}.Debug|iPhoneSimulator.ActiveCfg = Debug|Any CPU
		{0F881173-166C-49A7-97DA-4C4EEB0A4201}.Debug|iPhoneSimulator.Build.0 = Debug|Any CPU
		{0F881173-166C-49A7-97DA-4C4EEB0A4201}.Release|iPhoneSimulator.ActiveCfg = Release|Any CPU
		{0F881173-166C-49A7-97DA-4C4EEB0A4201}.Release|iPhoneSimulator.Build.0 = Release|Any CPU
		{0F881173-166C-49A7-97DA-4C4EEB0A4201}.Debug|iPhone.ActiveCfg = Debug|Any CPU
		{0F881173-166C-49A7-97DA-4C4EEB0A4201}.Debug|iPhone.Build.0 = Debug|Any CPU
		{0F881173-166C-49A7-97DA-4C4EEB0A4201}.Release|iPhone.ActiveCfg = Release|Any CPU
		{0F881173-166C-49A7-97DA-4C4EEB0A4201}.Release|iPhone.Build.0 = Release|Any CPU
	EndGlobalSection
	GlobalSection(SolutionProperties) = preSolution
		HideSolutionNode = FALSE
	EndGlobalSection
	GlobalSection(ExtensibilityGlobals) = postSolution
		SolutionGuid = {AC1C3B9E-6E6E-4545-8BF5-BBD1172BB441}
	EndGlobalSection
EndGlobal
